{
    "name": "electron",
    "version": "0.1.0",
    "lockfileVersion": 1,
    "requires": true,
    "dependencies": {
        "custom-electron-titlebar": {
            "version": "3.0.10",
            "resolved": "https://registry.npmjs.org/custom-electron-titlebar/-/custom-electron-titlebar-3.0.10.tgz",
            "integrity": "sha512-FVKy7P0NpMTkm5rEpETXkJWQ7w9ufdU8TA5xhfiR1Jgnhy6fBaCNUMmXWLrNFrhG69MVvDXM/lLN21Rxaz78Ig=="
        },
        "datatables.net": {
            "version": "1.10.19",
            "resolved": "https://registry.npmjs.org/datatables.net/-/datatables.net-1.10.19.tgz",
            "integrity": "sha512-+ljXcI6Pj3PTGy5pesp3E5Dr3x3AV45EZe0o1r0gKENN2gafBKXodVnk2ypKwl2tTmivjxbkiqoWnipTefyBTA==",
            "requires": {
                "jquery": ">=1.7"
            }
        },
        "datatables.net-colreorder": {
            "version": "1.5.1",
            "resolved": "https://registry.npmjs.org/datatables.net-colreorder/-/datatables.net-colreorder-1.5.1.tgz",
            "integrity": "sha512-nKV0ZBOdOG+CCrtDZZlTOvhu9NC53pr4rYR8Xhd3KIKipLZohWWdBoOFGMu+VKDvllg2Xj79oS/wicYSiNyteA==",
            "requires": {
                "datatables.net": "^1.10.15",
                "jquery": ">=1.7"
            }
        },
        "datatables.net-colreorder-dt": {
            "version": "1.5.1",
            "resolved": "https://registry.npmjs.org/datatables.net-colreorder-dt/-/datatables.net-colreorder-dt-1.5.1.tgz",
            "integrity": "sha512-V8WXOBZbaNCYz7TApHkox746RX96JMPykfn3I2M2v605BrfyqiGet2bTxrdHieLVea1uyAyqyc00Od/dZ67HjQ==",
            "requires": {
                "datatables.net-colreorder": "1.5.1",
                "datatables.net-dt": "^1.10.15",
                "jquery": ">=1.7"
            }
        },
        "datatables.net-dt": {
            "version": "1.10.19",
            "resolved": "https://registry.npmjs.org/datatables.net-dt/-/datatables.net-dt-1.10.19.tgz",
            "integrity": "sha512-joFHYjLYvr9VnC9Fx3e+8jtXnQ/fP/mPFWt9p0NhZ3Zm5N0jlYyWhJQbnLkihOLuDcDFMaGdBQSvmIdTVdgGyw==",
            "requires": {
                "datatables.net": "1.10.19",
                "jquery": ">=1.7"
            }
        },
        "datatables.net-fixedcolumns": {
            "version": "3.2.6",
            "resolved": "https://registry.npmjs.org/datatables.net-fixedcolumns/-/datatables.net-fixedcolumns-3.2.6.tgz",
            "integrity": "sha512-PtEs2tllcHRVZj7fwmAQBWGJ5URRQZpDG2pJsh5jusvnRje3w1+KueMZm60iCtfOkIlUn+/j2+MghxLx/8yfKQ==",
            "requires": {
                "datatables.net": "^1.10.15",
                "jquery": ">=1.7"
            }
        },
        "datatables.net-fixedcolumns-dt": {
            "version": "3.2.6",
            "resolved": "https://registry.npmjs.org/datatables.net-fixedcolumns-dt/-/datatables.net-fixedcolumns-dt-3.2.6.tgz",
            "integrity": "sha512-nptzhSeFSLSDMlnqTwuBT11htbOHa7mKUIjRP8+znIlNIifr0T6GEibr0TwaCcYegY7sLL00RDM+F7P+KC5gOA==",
            "requires": {
                "datatables.net-dt": "^1.10.15",
                "datatables.net-fixedcolumns": "3.2.6",
                "jquery": ">=1.7"
            }
        },
        "datatables.net-fixedheader": {
            "version": "3.1.5",
            "resolved": "https://registry.npmjs.org/datatables.net-fixedheader/-/datatables.net-fixedheader-3.1.5.tgz",
            "integrity": "sha512-k5Hdj9uDe9iodr/F5Upq7D3rkO6Cw6XpnPRlfk38B0Imb+Fqe7aB3Jn88A4D79Rbla3sqO3ifQOwWoO9qlHetA==",
            "requires": {
                "datatables.net": "^1.10.15",
                "jquery": ">=1.7"
            }
        },
        "datatables.net-fixedheader-dt": {
            "version": "3.1.5",
            "resolved": "https://registry.npmjs.org/datatables.net-fixedheader-dt/-/datatables.net-fixedheader-dt-3.1.5.tgz",
            "integrity": "sha512-kePF0ejpRJjVyh6HgBrv0OHEO+RkcaebvVOSExH6+Qz0j48wDNqB9LHr8dPv1BEAv1k3YiKp1DheBqsX2jIBCA==",
            "requires": {
                "datatables.net-dt": "^1.10.15",
                "datatables.net-fixedheader": "3.1.5",
                "jquery": ">=1.7"
            }
        },
        "datatables.net-rowgroup": {
            "version": "1.1.0",
            "resolved": "https://registry.npmjs.org/datatables.net-rowgroup/-/datatables.net-rowgroup-1.1.0.tgz",
            "integrity": "sha512-OPIiiMTbIoh1hSnJ9lx3avqKpYtEPux5iA6jpWKRdyKbdYU8UQbi5ht3b096frYQplIuAQnQcwqpGmvrf77l6g==",
            "requires": {
                "datatables.net": "^1.10.15",
                "jquery": ">=1.7"
            }
        },
        "datatables.net-rowgroup-dt": {
            "version": "1.1.0",
            "resolved": "https://registry.npmjs.org/datatables.net-rowgroup-dt/-/datatables.net-rowgroup-dt-1.1.0.tgz",
            "integrity": "sha512-c1aRD7qB2UhsLAdaBb6ntEtDazCYGrMn9pOYheRoLuDUphmT9y5llwhNQtkO8CIzDEcH8baIa7HwefIfZawc3g==",
            "requires": {
                "datatables.net-dt": "^1.10.15",
                "datatables.net-rowgroup": "1.1.0",
                "jquery": ">=1.7"
            }
        },
        "datatables.net-scroller": {
            "version": "2.0.0",
            "resolved": "https://registry.npmjs.org/datatables.net-scroller/-/datatables.net-scroller-2.0.0.tgz",
            "integrity": "sha512-Xe116srtpE0RS/f9xxUYf7dK4tSFDZmQ7H95AUT9diB7dcvwGJMIPUIVeTlNDEhLvwAFpGZlizkOlBUwy7GsTg==",
            "requires": {
                "datatables.net": "^1.10.15",
                "jquery": ">=1.7"
            }
        },
        "datatables.net-scroller-dt": {
            "version": "2.0.0",
            "resolved": "https://registry.npmjs.org/datatables.net-scroller-dt/-/datatables.net-scroller-dt-2.0.0.tgz",
            "integrity": "sha512-QS3u5T6dVTQUIY607jUPn2j3j5zmB3x++WfBxKo7Qr61EiPlrXflyIE+KL6PCxsHlM5dYQkUSyy4iONPlbP5Kw==",
            "requires": {
                "datatables.net-dt": "^1.10.15",
                "datatables.net-scroller": "2.0.0",
                "jquery": ">=1.7"
            }
        },
        "datatables.net-select": {
            "version": "1.3.0",
            "resolved": "https://registry.npmjs.org/datatables.net-select/-/datatables.net-select-1.3.0.tgz",
            "integrity": "sha512-sj72BM+Sx2n9mTHQjPiGMrGUoAVA1PCGmD+vEuAedhlDX1PAHcnqsOnG37eWrpqIsOQR/ZcSuE8IkU7gmiQkew==",
            "requires": {
                "datatables.net": "^1.10.15",
                "jquery": ">=1.7"
            }
        },
        "datatables.net-select-dt": {
            "version": "1.3.0",
            "resolved": "https://registry.npmjs.org/datatables.net-select-dt/-/datatables.net-select-dt-1.3.0.tgz",
            "integrity": "sha512-VG2ji69XNdgtobODUJpFWiGq4szf4hP6qAiu+N+/LLoKIslMmOl/5Mi/o7pesqK5mtPAh/2rURwA09UIstfuIg==",
            "requires": {
                "datatables.net-dt": "^1.10.15",
                "datatables.net-select": "1.3.0",
                "jquery": ">=1.7"
            }
        },
        "jquery": {
            "version": "3.4.1",
            "resolved": "https://registry.npmjs.org/jquery/-/jquery-3.4.1.tgz",
            "integrity": "sha512-36+AdBzCL+y6qjw5Tx7HgzeGCzC81MDDgaUP8ld2zhx58HdqXGoBd+tHdrBMiyjGQs0Hxs/MLZTu/eHNJJuWPw=="
        },
        "xel": {
            "version": "0.0.210",
            "resolved": "https://registry.npmjs.org/xel/-/xel-0.0.210.tgz",
            "integrity": "sha512-UCww+DDKkd6GxauTA1bZO/Up3T8z+9r//CXUQ+mZSTBYtW9AgG77OIqiz7yFk+S7TWvazNBkQ0TGCR8st85pYw=="
        }
    }
}
